
Microsoft Visual Studio Solution File, Format Version 12.00
# Visual Studio Version 17
VisualStudioVersion = 17.5.002.0
MinimumVisualStudioVersion = 10.0.40219.1
Project("{9A19103F-16F7-4668-BE54-9A1E7A4F7556}") = "EditorHTML", "EditorHTML.csproj", "{36A155A2-AD09-41BA-B707-538006F0250C}"
EndProject
Global
	GlobalSection(SolutionConfigurationPlatforms) = preSolution
		Debug|Any CPU = Debug|Any CPU
		Release|Any CPU = Release|Any CPU
	EndGlobalSection
	GlobalSection(ProjectConfigurationPlatforms) = postSolution
		{36A155A2-AD09-41BA-B707-538006F0250C}.Debug|Any CPU.ActiveCfg = Debug|Any CPU
		{36A155A2-AD09-41BA-B707-538006F0250C}.Debug|Any CPU.Build.0 = Debug|Any CPU
		{36A155A2-AD09-41BA-B707-538006F0250C}.Release|Any CPU.ActiveCfg = Release|Any CPU
		{36A155A2-AD09-41BA-B707-538006F0250C}.Release|Any CPU.Build.0 = Release|Any CPU
	EndGlobalSection
	GlobalSection(SolutionProperties) = preSolution
		HideSolutionNode = FALSE
	EndGlobalSection
	GlobalSection(ExtensibilityGlobals) = postSolution
		SolutionGuid = {67CA17DA-3A79-4565-AB1F-66C2F2572298}
	EndGlobalSection
EndGlobal
